
Microsoft Visual Studio Solution File, Format Version 12.00
# Visual Studio 15
VisualStudioVersion = 15.0.27130.2027
MinimumVisualStudioVersion = 10.0.40219.1
Project("{FAE04EC0-301F-11D3-BF4B-00C04F79EFBC}") = "ActiveStore", "ActiveStore\ActiveStore.csproj", "{773C7E62-19C8-4F7D-9CE3-4BCBCA5303A9}"
EndProject
Global
	GlobalSection(SolutionConfigurationPlatforms) = preSolution
		Debug|Any CPU = Debug|Any CPU
		Release|Any CPU = Release|Any CPU
	EndGlobalSection
	GlobalSection(ProjectConfigurationPlatforms) = postSolution
		{773C7E62-19C8-4F7D-9CE3-4BCBCA5303A9}.Debug|Any CPU.ActiveCfg = Debug|Any CPU
		{773C7E62-19C8-4F7D-9CE3-4BCBCA5303A9}.Debug|Any CPU.Build.0 = Debug|Any CPU
		{773C7E62-19C8-4F7D-9CE3-4BCBCA5303A9}.Release|Any CPU.ActiveCfg = Release|Any CPU
		{773C7E62-19C8-4F7D-9CE3-4BCBCA5303A9}.Release|Any CPU.Build.0 = Release|Any CPU
	EndGlobalSection
	GlobalSection(SolutionProperties) = preSolution
		HideSolutionNode = FALSE
	EndGlobalSection
	GlobalSection(ExtensibilityGlobals) = postSolution
		SolutionGuid = {BBEA5BFD-95A4-44B2-8B59-3094009F4DC2}
	EndGlobalSection
EndGlobal
